
Microsoft Visual Studio Solution File, Format Version 12.00
# Visual Studio 15
VisualStudioVersion = 15.0.28010.2036
MinimumVisualStudioVersion = 10.0.40219.1
Project("{FAE04EC0-301F-11D3-BF4B-00C04F79EFBC}") = "TaskManager.API", "TaskManager.API\TaskManager.API.csproj", "{49966B44-E345-4887-BFED-7459D3EAD970}"
EndProject
Project("{FAE04EC0-301F-11D3-BF4B-00C04F79EFBC}") = "TaskManager.BusinessLib", "TaskManager.BusinessLib\TaskManager.BusinessLib.csproj", "{4191C5B7-FB24-4E3A-9F11-B3FF606AAC62}"
EndProject
Project("{FAE04EC0-301F-11D3-BF4B-00C04F79EFBC}") = "TaskManager.DataLib", "TaskManager.DataLib\TaskManager.DataLib.csproj", "{C9493D06-F98E-471A-93E1-26BE8510DDC8}"
EndProject
Project("{FAE04EC0-301F-11D3-BF4B-00C04F79EFBC}") = "TaskManager.Entities", "TaskManager.Entities\TaskManager.Entities.csproj", "{3131B505-15CC-424C-8369-6D92E1F98C19}"
EndProject
Project("{FAE04EC0-301F-11D3-BF4B-00C04F79EFBC}") = "TaskManager.Test", "TaskManager.Test\TaskManager.Test.csproj", "{FF8E050A-240C-42C8-BFE1-B5FC3D2F673A}"
EndProject
Project("{FAE04EC0-301F-11D3-BF4B-00C04F79EFBC}") = "TaskManager.NBenchTest", "TaskManager.NBenchTest\TaskManager.NBenchTest.csproj", "{A0416C3B-A7BB-4B32-B5DA-F4740F088BB8}"
EndProject
Global
	GlobalSection(SolutionConfigurationPlatforms) = preSolution
		Debug|Any CPU = Debug|Any CPU
		Release|Any CPU = Release|Any CPU
	EndGlobalSection
	GlobalSection(ProjectConfigurationPlatforms) = postSolution
		{49966B44-E345-4887-BFED-7459D3EAD970}.Debug|Any CPU.ActiveCfg = Debug|Any CPU
		{49966B44-E345-4887-BFED-7459D3EAD970}.Debug|Any CPU.Build.0 = Debug|Any CPU
		{49966B44-E345-4887-BFED-7459D3EAD970}.Release|Any CPU.ActiveCfg = Release|Any CPU
		{49966B44-E345-4887-BFED-7459D3EAD970}.Release|Any CPU.Build.0 = Release|Any CPU
		{4191C5B7-FB24-4E3A-9F11-B3FF606AAC62}.Debug|Any CPU.ActiveCfg = Debug|Any CPU
		{4191C5B7-FB24-4E3A-9F11-B3FF606AAC62}.Debug|Any CPU.Build.0 = Debug|Any CPU
		{4191C5B7-FB24-4E3A-9F11-B3FF606AAC62}.Release|Any CPU.ActiveCfg = Release|Any CPU
		{4191C5B7-FB24-4E3A-9F11-B3FF606AAC62}.Release|Any CPU.Build.0 = Release|Any CPU
		{C9493D06-F98E-471A-93E1-26BE8510DDC8}.Debug|Any CPU.ActiveCfg = Debug|Any CPU
		{C9493D06-F98E-471A-93E1-26BE8510DDC8}.Debug|Any CPU.Build.0 = Debug|Any CPU
		{C9493D06-F98E-471A-93E1-26BE8510DDC8}.Release|Any CPU.ActiveCfg = Release|Any CPU
		{C9493D06-F98E-471A-93E1-26BE8510DDC8}.Release|Any CPU.Build.0 = Release|Any CPU
		{3131B505-15CC-424C-8369-6D92E1F98C19}.Debug|Any CPU.ActiveCfg = Debug|Any CPU
		{3131B505-15CC-424C-8369-6D92E1F98C19}.Debug|Any CPU.Build.0 = Debug|Any CPU
		{3131B505-15CC-424C-8369-6D92E1F98C19}.Release|Any CPU.ActiveCfg = Release|Any CPU
		{3131B505-15CC-424C-8369-6D92E1F98C19}.Release|Any CPU.Build.0 = Release|Any CPU
		{FF8E050A-240C-42C8-BFE1-B5FC3D2F673A}.Debug|Any CPU.ActiveCfg = Debug|Any CPU
		{FF8E050A-240C-42C8-BFE1-B5FC3D2F673A}.Debug|Any CPU.Build.0 = Debug|Any CPU
		{FF8E050A-240C-42C8-BFE1-B5FC3D2F673A}.Release|Any CPU.ActiveCfg = Release|Any CPU
		{FF8E050A-240C-42C8-BFE1-B5FC3D2F673A}.Release|Any CPU.Build.0 = Release|Any CPU
		{A0416C3B-A7BB-4B32-B5DA-F4740F088BB8}.Debug|Any CPU.ActiveCfg = Debug|Any CPU
		{A0416C3B-A7BB-4B32-B5DA-F4740F088BB8}.Debug|Any CPU.Build.0 = Debug|Any CPU
		{A0416C3B-A7BB-4B32-B5DA-F4740F088BB8}.Release|Any CPU.ActiveCfg = Release|Any CPU
		{A0416C3B-A7BB-4B32-B5DA-F4740F088BB8}.Release|Any CPU.Build.0 = Release|Any CPU
	EndGlobalSection
	GlobalSection(SolutionProperties) = preSolution
		HideSolutionNode = FALSE
	EndGlobalSection
	GlobalSection(ExtensibilityGlobals) = postSolution
		SolutionGuid = {1219FA76-06B3-4E39-BFD0-3ACBF3614D43}
	EndGlobalSection
EndGlobal
